// !$*UTF8*$!
{
	archiveVersion = 1;
	classes = {
	};
	objectVersion = 46;
	objects = {

/* Begin PBXBuildFile section */
		C6D2C6E21D90051100BF2FAF /* main.m in Sources */ = {isa = PBXBuildFile; fileRef = C6D2C6E11D90051100BF2FAF /* main.m */; };
		C6D2C6E51D90051100BF2FAF /* AppDelegate.m in Sources */ = {isa = PBXBuildFile; fileRef = C6D2C6E41D90051100BF2FAF /* AppDelegate.m */; };
		C6D2C6E81D90051100BF2FAF /* ViewController.m in Sources */ = {isa = PBXBuildFile; fileRef = C6D2C6E71D90051100BF2FAF /* ViewController.m */; };
		C6D2C6EB1D90051100BF2FAF /* Main.storyboard in Resources */ = {isa = PBXBuildFile; fileRef = C6D2C6E91D90051100BF2FAF /* Main.storyboard */; };
		C6D2C6ED1D90051100BF2FAF /* Assets.xcassets in Resources */ = {isa = PBXBuildFile; fileRef = C6D2C6EC1D90051100BF2FAF /* Assets.xcassets */; };
		C6D2C6F01D90051100BF2FAF /* LaunchScreen.storyboard in Resources */ = {isa = PBXBuildFile; fileRef = C6D2C6EE1D90051100BF2FAF /* LaunchScreen.storyboard */; };
		C6D2C6FE1D90063000BF2FAF /* NSObject+YYModel.m in Sources */ = {isa = PBXBuildFile; fileRef = C6D2C6FA1D90063000BF2FAF /* NSObject+YYModel.m */; };
		C6D2C6FF1D90063000BF2FAF /* YYClassInfo.m in Sources */ = {isa = PBXBuildFile; fileRef = C6D2C6FC1D90063000BF2FAF /* YYClassInfo.m */; };
		C6D2C70E1D90063900BF2FAF /* AFHTTPSessionManager.m in Sources */ = {isa = PBXBuildFile; fileRef = C6D2C7021D90063900BF2FAF /* AFHTTPSessionManager.m */; };
		C6D2C70F1D90063900BF2FAF /* AFNetworkReachabilityManager.m in Sources */ = {isa = PBXBuildFile; fileRef = C6D2C7051D90063900BF2FAF /* AFNetworkReachabilityManager.m */; };
		C6D2C7101D90063900BF2FAF /* AFSecurityPolicy.m in Sources */ = {isa = PBXBuildFile; fileRef = C6D2C7071D90063900BF2FAF /* AFSecurityPolicy.m */; };
		C6D2C7111D90063900BF2FAF /* AFURLRequestSerialization.m in Sources */ = {isa = PBXBuildFile; fileRef = C6D2C7091D90063900BF2FAF /* AFURLRequestSerialization.m */; };
		C6D2C7121D90063900BF2FAF /* AFURLResponseSerialization.m in Sources */ = {isa = PBXBuildFile; fileRef = C6D2C70B1D90063900BF2FAF /* AFURLResponseSerialization.m */; };
		C6D2C7131D90063900BF2FAF /* AFURLSessionManager.m in Sources */ = {isa = PBXBuildFile; fileRef = C6D2C70D1D90063900BF2FAF /* AFURLSessionManager.m */; };
		C6D2C7161D90075900BF2FAF /* DownloaderOperation.m in Sources */ = {isa = PBXBuildFile; fileRef = C6D2C7151D90075900BF2FAF /* DownloaderOperation.m */; };
		C6D2C7191D90095300BF2FAF /* APPModel.m in Sources */ = {isa = PBXBuildFile; fileRef = C6D2C7181D90095300BF2FAF /* APPModel.m */; };
		C6F22D311D92B099000E2AA8 /* DownloaderManager.m in Sources */ = {isa = PBXBuildFile; fileRef = C6F22D301D92B099000E2AA8 /* DownloaderManager.m */; };
/* End PBXBuildFile section */

/* Begin PBXFileReference section */
		C6D2C6DD1D90051100BF2FAF /* 仿SDWebImage框架.app */ = {isa = PBXFileReference; explicitFileType = wrapper.application; includeInIndex = 0; path = "仿SDWebImage框架.app"; sourceTree = BUILT_PRODUCTS_DIR; };
		C6D2C6E11D90051100BF2FAF /* main.m */ = {isa = PBXFileReference; lastKnownFileType = sourcecode.c.objc; path = main.m; sourceTree = "<group>"; };
		C6D2C6E31D90051100BF2FAF /* AppDelegate.h */ = {isa = PBXFileReference; lastKnownFileType = sourcecode.c.h; path = AppDelegate.h; sourceTree = "<group>"; };
		C6D2C6E41D90051100BF2FAF /* AppDelegate.m */ = {isa = PBXFileReference; lastKnownFileType = sourcecode.c.objc; path = AppDelegate.m; sourceTree = "<group>"; };
		C6D2C6E61D90051100BF2FAF /* ViewController.h */ = {isa = PBXFileReference; lastKnownFileType = sourcecode.c.h; path = ViewController.h; sourceTree = "<group>"; };
		C6D2C6E71D90051100BF2FAF /* ViewController.m */ = {isa = PBXFileReference; lastKnownFileType = sourcecode.c.objc; path = ViewController.m; sourceTree = "<group>"; };
		C6D2C6EA1D90051100BF2FAF /* Base */ = {isa = PBXFileReference; lastKnownFileType = file.storyboard; name = Base; path = Base.lproj/Main.storyboard; sourceTree = "<group>"; };
		C6D2C6EC1D90051100BF2FAF /* Assets.xcassets */ = {isa = PBXFileReference; lastKnownFileType = folder.assetcatalog; path = Assets.xcassets; sourceTree = "<group>"; };
		C6D2C6EF1D90051100BF2FAF /* Base */ = {isa = PBXFileReference; lastKnownFileType = file.storyboard; name = Base; path = Base.lproj/LaunchScreen.storyboard; sourceTree = "<group>"; };
		C6D2C6F11D90051100BF2FAF /* Info.plist */ = {isa = PBXFileReference; lastKnownFileType = text.plist.xml; path = Info.plist; sourceTree = "<group>"; };
		C6D2C6F91D90063000BF2FAF /* NSObject+YYModel.h */ = {isa = PBXFileReference; fileEncoding = 4; lastKnownFileType = sourcecode.c.h; path = "NSObject+YYModel.h"; sourceTree = "<group>"; };
		C6D2C6FA1D90063000BF2FAF /* NSObject+YYModel.m */ = {isa = PBXFileReference; fileEncoding = 4; lastKnownFileType = sourcecode.c.objc; path = "NSObject+YYModel.m"; sourceTree = "<group>"; };
		C6D2C6FB1D90063000BF2FAF /* YYClassInfo.h */ = {isa = PBXFileReference; fileEncoding = 4; lastKnownFileType = sourcecode.c.h; path = YYClassInfo.h; sourceTree = "<group>"; };
		C6D2C6FC1D90063000BF2FAF /* YYClassInfo.m */ = {isa = PBXFileReference; fileEncoding = 4; lastKnownFileType = sourcecode.c.objc; path = YYClassInfo.m; sourceTree = "<group>"; };
		C6D2C6FD1D90063000BF2FAF /* YYModel.h */ = {isa = PBXFileReference; fileEncoding = 4; lastKnownFileType = sourcecode.c.h; path = YYModel.h; sourceTree = "<group>"; };
		C6D2C7011D90063900BF2FAF /* AFHTTPSessionManager.h */ = {isa = PBXFileReference; fileEncoding = 4; lastKnownFileType = sourcecode.c.h; path = AFHTTPSessionManager.h; sourceTree = "<group>"; };
		C6D2C7021D90063900BF2FAF /* AFHTTPSessionManager.m */ = {isa = PBXFileReference; fileEncoding = 4; lastKnownFileType = sourcecode.c.objc; path = AFHTTPSessionManager.m; sourceTree = "<group>"; };
		C6D2C7031D90063900BF2FAF /* AFNetworking.h */ = {isa = PBXFileReference; fileEncoding = 4; lastKnownFileType = sourcecode.c.h; path = AFNetworking.h; sourceTree = "<group>"; };
		C6D2C7041D90063900BF2FAF /* AFNetworkReachabilityManager.h */ = {isa = PBXFileReference; fileEncoding = 4; lastKnownFileType = sourcecode.c.h; path = AFNetworkReachabilityManager.h; sourceTree = "<group>"; };
		C6D2C7051D90063900BF2FAF /* AFNetworkReachabilityManager.m */ = {isa = PBXFileReference; fileEncoding = 4; lastKnownFileType = sourcecode.c.objc; path = AFNetworkReachabilityManager.m; sourceTree = "<group>"; };
		C6D2C7061D90063900BF2FAF /* AFSecurityPolicy.h */ = {isa = PBXFileReference; fileEncoding = 4; lastKnownFileType = sourcecode.c.h; path = AFSecurityPolicy.h; sourceTree = "<group>"; };
		C6D2C7071D90063900BF2FAF /* AFSecurityPolicy.m */ = {isa = PBXFileReference; fileEncoding = 4; lastKnownFileType = sourcecode.c.objc; path = AFSecurityPolicy.m; sourceTree = "<group>"; };
		C6D2C7081D90063900BF2FAF /* AFURLRequestSerialization.h */ = {isa = PBXFileReference; fileEncoding = 4; lastKnownFileType = sourcecode.c.h; path = AFURLRequestSerialization.h; sourceTree = "<group>"; };
		C6D2C7091D90063900BF2FAF /* AFURLRequestSerialization.m */ = {isa = PBXFileReference; fileEncoding = 4; lastKnownFileType = sourcecode.c.objc; path = AFURLRequestSerialization.m; sourceTree = "<group>"; };
		C6D2C70A1D90063900BF2FAF /* AFURLResponseSerialization.h */ = {isa = PBXFileReference; fileEncoding = 4; lastKnownFileType = sourcecode.c.h; path = AFURLResponseSerialization.h; sourceTree = "<group>"; };
		C6D2C70B1D90063900BF2FAF /* AFURLResponseSerialization.m */ = {isa = PBXFileReference; fileEncoding = 4; lastKnownFileType = sourcecode.c.objc; path = AFURLResponseSerialization.m; sourceTree = "<group>"; };
		C6D2C70C1D90063900BF2FAF /* AFURLSessionManager.h */ = {isa = PBXFileReference; fileEncoding = 4; lastKnownFileType = sourcecode.c.h; path = AFURLSessionManager.h; sourceTree = "<group>"; };
		C6D2C70D1D90063900BF2FAF /* AFURLSessionManager.m */ = {isa = PBXFileReference; fileEncoding = 4; lastKnownFileType = sourcecode.c.objc; path = AFURLSessionManager.m; sourceTree = "<group>"; };
		C6D2C7141D90075900BF2FAF /* DownloaderOperation.h */ = {isa = PBXFileReference; fileEncoding = 4; lastKnownFileType = sourcecode.c.h; path = DownloaderOperation.h; sourceTree = "<group>"; };
		C6D2C7151D90075900BF2FAF /* DownloaderOperation.m */ = {isa = PBXFileReference; fileEncoding = 4; lastKnownFileType = sourcecode.c.objc; path = DownloaderOperation.m; sourceTree = "<group>"; };
		C6D2C7171D90095300BF2FAF /* APPModel.h */ = {isa = PBXFileReference; fileEncoding = 4; lastKnownFileType = sourcecode.c.h; path = APPModel.h; sourceTree = "<group>"; };
		C6D2C7181D90095300BF2FAF /* APPModel.m */ = {isa = PBXFileReference; fileEncoding = 4; lastKnownFileType = sourcecode.c.objc; path = APPModel.m; sourceTree = "<group>"; };
		C6F22D2F1D92B099000E2AA8 /* DownloaderManager.h */ = {isa = PBXFileReference; fileEncoding = 4; lastKnownFileType = sourcecode.c.h; path = DownloaderManager.h; sourceTree = "<group>"; };
		C6F22D301D92B099000E2AA8 /* DownloaderManager.m */ = {isa = PBXFileReference; fileEncoding = 4; lastKnownFileType = sourcecode.c.objc; path = DownloaderManager.m; sourceTree = "<group>"; };
/* End PBXFileReference section */

/* Begin PBXFrameworksBuildPhase section */
		C6D2C6DA1D90051100BF2FAF /* Frameworks */ = {
			isa = PBXFrameworksBuildPhase;
			buildActionMask = 2147483647;
			files = (
			);
			runOnlyForDeploymentPostprocessing = 0;
		};
/* End PBXFrameworksBuildPhase section */

/* Begin PBXGroup section */
		C6D2C6D41D90051100BF2FAF = {
			isa = PBXGroup;
			children = (
				C6D2C6DF1D90051100BF2FAF /* 仿SDWebImage框架 */,
				C6D2C6DE1D90051100BF2FAF /* Products */,
			);
			sourceTree = "<group>";
		};
		C6D2C6DE1D90051100BF2FAF /* Products */ = {
			isa = PBXGroup;
			children = (
				C6D2C6DD1D90051100BF2FAF /* 仿SDWebImage框架.app */,
			);
			name = Products;
			sourceTree = "<group>";
		};
		C6D2C6DF1D90051100BF2FAF /* 仿SDWebImage框架 */ = {
			isa = PBXGroup;
			children = (
				C6D2C7001D90063900BF2FAF /* AFNetworking */,
				C6D2C6F81D90063000BF2FAF /* YYModel */,
				C6D2C6F71D90063000BF2FAF /* WebImage */,
				C6D2C6E31D90051100BF2FAF /* AppDelegate.h */,
				C6D2C6E41D90051100BF2FAF /* AppDelegate.m */,
				C6D2C6E61D90051100BF2FAF /* ViewController.h */,
				C6D2C6E71D90051100BF2FAF /* ViewController.m */,
				C6D2C6E91D90051100BF2FAF /* Main.storyboard */,
				C6D2C6EC1D90051100BF2FAF /* Assets.xcassets */,
				C6D2C6EE1D90051100BF2FAF /* LaunchScreen.storyboard */,
				C6D2C6F11D90051100BF2FAF /* Info.plist */,
				C6D2C6E01D90051100BF2FAF /* Supporting Files */,
				C6D2C7171D90095300BF2FAF /* APPModel.h */,
				C6D2C7181D90095300BF2FAF /* APPModel.m */,
			);
			path = "仿SDWebImage框架";
			sourceTree = "<group>";
		};
		C6D2C6E01D90051100BF2FAF /* Supporting Files */ = {
			isa = PBXGroup;
			children = (
				C6D2C6E11D90051100BF2FAF /* main.m */,
			);
			name = "Supporting Files";
			sourceTree = "<group>";
		};
		C6D2C6F71D90063000BF2FAF /* WebImage */ = {
			isa = PBXGroup;
			children = (
				C6D2C7141D90075900BF2FAF /* DownloaderOperation.h */,
				C6D2C7151D90075900BF2FAF /* DownloaderOperation.m */,
				C6F22D2F1D92B099000E2AA8 /* DownloaderManager.h */,
				C6F22D301D92B099000E2AA8 /* DownloaderManager.m */,
			);
			path = WebImage;
			sourceTree = "<group>";
		};
		C6D2C6F81D90063000BF2FAF /* YYModel */ = {
			isa = PBXGroup;
			children = (
				C6D2C6F91D90063000BF2FAF /* NSObject+YYModel.h */,
				C6D2C6FA1D90063000BF2FAF /* NSObject+YYModel.m */,
				C6D2C6FB1D90063000BF2FAF /* YYClassInfo.h */,
				C6D2C6FC1D90063000BF2FAF /* YYClassInfo.m */,
				C6D2C6FD1D90063000BF2FAF /* YYModel.h */,
			);
			path = YYModel;
			sourceTree = "<group>";
		};
		C6D2C7001D90063900BF2FAF /* AFNetworking */ = {
			isa = PBXGroup;
			children = (
				C6D2C7011D90063900BF2FAF /* AFHTTPSessionManager.h */,
				C6D2C7021D90063900BF2FAF /* AFHTTPSessionManager.m */,
				C6D2C7031D90063900BF2FAF /* AFNetworking.h */,
				C6D2C7041D90063900BF2FAF /* AFNetworkReachabilityManager.h */,
				C6D2C7051D90063900BF2FAF /* AFNetworkReachabilityManager.m */,
				C6D2C7061D90063900BF2FAF /* AFSecurityPolicy.h */,
				C6D2C7071D90063900BF2FAF /* AFSecurityPolicy.m */,
				C6D2C7081D90063900BF2FAF /* AFURLRequestSerialization.h */,
				C6D2C7091D90063900BF2FAF /* AFURLRequestSerialization.m */,
				C6D2C70A1D90063900BF2FAF /* AFURLResponseSerialization.h */,
				C6D2C70B1D90063900BF2FAF /* AFURLResponseSerialization.m */,
				C6D2C70C1D90063900BF2FAF /* AFURLSessionManager.h */,
				C6D2C70D1D90063900BF2FAF /* AFURLSessionManager.m */,
			);
			path = AFNetworking;
			sourceTree = "<group>";
		};
/* End PBXGroup section */

/* Begin PBXNativeTarget section */
		C6D2C6DC1D90051100BF2FAF /* 仿SDWebImage框架 */ = {
			isa = PBXNativeTarget;
			buildConfigurationList = C6D2C6F41D90051100BF2FAF /* Build configuration list for PBXNativeTarget "仿SDWebImage框架" */;
			buildPhases = (
				C6D2C6D91D90051100BF2FAF /* Sources */,
				C6D2C6DA1D90051100BF2FAF /* Frameworks */,
				C6D2C6DB1D90051100BF2FAF /* Resources */,
			);
			buildRules = (
			);
			dependencies = (
			);
			name = "仿SDWebImage框架";
			productName = "仿SDWebImage框架";
			productReference = C6D2C6DD1D90051100BF2FAF /* 仿SDWebImage框架.app */;
			productType = "com.apple.product-type.application";
		};
/* End PBXNativeTarget section */

/* Begin PBXProject section */
		C6D2C6D51D90051100BF2FAF /* Project object */ = {
			isa = PBXProject;
			attributes = {
				LastUpgradeCheck = 0730;
				ORGANIZATIONNAME = "李浩杰";
				TargetAttributes = {
					C6D2C6DC1D90051100BF2FAF = {
						CreatedOnToolsVersion = 7.3;
					};
				};
			};
			buildConfigurationList = C6D2C6D81D90051100BF2FAF /* Build configuration list for PBXProject "仿SDWebImage框架" */;
			compatibilityVersion = "Xcode 3.2";
			developmentRegion = English;
			hasScannedForEncodings = 0;
			knownRegions = (
				en,
				Base,
			);
			mainGroup = C6D2C6D41D90051100BF2FAF;
			productRefGroup = C6D2C6DE1D90051100BF2FAF /* Products */;
			projectDirPath = "";
			projectRoot = "";
			targets = (
				C6D2C6DC1D90051100BF2FAF /* 仿SDWebImage框架 */,
			);
		};
/* End PBXProject section */

/* Begin PBXResourcesBuildPhase section */
		C6D2C6DB1D90051100BF2FAF /* Resources */ = {
			isa = PBXResourcesBuildPhase;
			buildActionMask = 2147483647;
			files = (
				C6D2C6F01D90051100BF2FAF /* LaunchScreen.storyboard in Resources */,
				C6D2C6ED1D90051100BF2FAF /* Assets.xcassets in Resources */,
				C6D2C6EB1D90051100BF2FAF /* Main.storyboard in Resources */,
			);
			runOnlyForDeploymentPostprocessing = 0;
		};
/* End PBXResourcesBuildPhase section */

/* Begin PBXSourcesBuildPhase section */
		C6D2C6D91D90051100BF2FAF /* Sources */ = {
			isa = PBXSourcesBuildPhase;
			buildActionMask = 2147483647;
			files = (
				C6D2C7191D90095300BF2FAF /* APPModel.m in Sources */,
				C6D2C7111D90063900BF2FAF /* AFURLRequestSerialization.m in Sources */,
				C6D2C6E81D90051100BF2FAF /* ViewController.m in Sources */,
				C6D2C6E51D90051100BF2FAF /* AppDelegate.m in Sources */,
				C6D2C6E21D90051100BF2FAF /* main.m in Sources */,
				C6D2C7161D90075900BF2FAF /* DownloaderOperation.m in Sources */,
				C6D2C7131D90063900BF2FAF /* AFURLSessionManager.m in Sources */,
				C6D2C7121D90063900BF2FAF /* AFURLResponseSerialization.m in Sources */,
				C6D2C70F1D90063900BF2FAF /* AFNetworkReachabilityManager.m in Sources */,
				C6D2C7101D90063900BF2FAF /* AFSecurityPolicy.m in Sources */,
				C6D2C70E1D90063900BF2FAF /* AFHTTPSessionManager.m in Sources */,
				C6D2C6FF1D90063000BF2FAF /* YYClassInfo.m in Sources */,
				C6F22D311D92B099000E2AA8 /* DownloaderManager.m in Sources */,
				C6D2C6FE1D90063000BF2FAF /* NSObject+YYModel.m in Sources */,
			);
			runOnlyForDeploymentPostprocessing = 0;
		};
/* End PBXSourcesBuildPhase section */

/* Begin PBXVariantGroup section */
		C6D2C6E91D90051100BF2FAF /* Main.storyboard */ = {
			isa = PBXVariantGroup;
			children = (
				C6D2C6EA1D90051100BF2FAF /* Base */,
			);
			name = Main.storyboard;
			sourceTree = "<group>";
		};
		C6D2C6EE1D90051100BF2FAF /* LaunchScreen.storyboard */ = {
			isa = PBXVariantGroup;
			children = (
				C6D2C6EF1D90051100BF2FAF /* Base */,
			);
			name = LaunchScreen.storyboard;
			sourceTree = "<group>";
		};
/* End PBXVariantGroup section */

/* Begin XCBuildConfiguration section */
		C6D2C6F21D90051100BF2FAF /* Debug */ = {
			isa = XCBuildConfiguration;
			buildSettings = {
				ALWAYS_SEARCH_USER_PATHS = NO;
				CLANG_ANALYZER_NONNULL = YES;
				CLANG_CXX_LANGUAGE_STANDARD = "gnu++0x";
				CLANG_CXX_LIBRARY = "libc++";
				CLANG_ENABLE_MODULES = YES;
				CLANG_ENABLE_OBJC_ARC = YES;
				CLANG_WARN_BOOL_CONVERSION = YES;
				CLANG_WARN_CONSTANT_CONVERSION = YES;
				CLANG_WARN_DIRECT_OBJC_ISA_USAGE = YES_ERROR;
				CLANG_WARN_EMPTY_BODY = YES;
				CLANG_WARN_ENUM_CONVERSION = YES;
				CLANG_WARN_INT_CONVERSION = YES;
				CLANG_WARN_OBJC_ROOT_CLASS = YES_ERROR;
				CLANG_WARN_UNREACHABLE_CODE = YES;
				CLANG_WARN__DUPLICATE_METHOD_MATCH = YES;
				"CODE_SIGN_IDENTITY[sdk=iphoneos*]" = "iPhone Developer";
				COPY_PHASE_STRIP = NO;
				DEBUG_INFORMATION_FORMAT = dwarf;
				ENABLE_STRICT_OBJC_MSGSEND = YES;
				ENABLE_TESTABILITY = YES;
				GCC_C_LANGUAGE_STANDARD = gnu99;
				GCC_DYNAMIC_NO_PIC = NO;
				GCC_NO_COMMON_BLOCKS = YES;
				GCC_OPTIMIZATION_LEVEL = 0;
				GCC_PREPROCESSOR_DEFINITIONS = (
					"DEBUG=1",
					"$(inherited)",
				);
				GCC_WARN_64_TO_32_BIT_CONVERSION = YES;
				GCC_WARN_ABOUT_RETURN_TYPE = YES_ERROR;
				GCC_WARN_UNDECLARED_SELECTOR = YES;
				GCC_WARN_UNINITIALIZED_AUTOS = YES_AGGRESSIVE;
				GCC_WARN_UNUSED_FUNCTION = YES;
				GCC_WARN_UNUSED_VARIABLE = YES;
				IPHONEOS_DEPLOYMENT_TARGET = 9.3;
				MTL_ENABLE_DEBUG_INFO = YES;
				ONLY_ACTIVE_ARCH = YES;
				SDKROOT = iphoneos;
			};
			name = Debug;
		};
		C6D2C6F31D90051100BF2FAF /* Release */ = {
			isa = XCBuildConfiguration;
			buildSettings = {
				ALWAYS_SEARCH_USER_PATHS = NO;
				CLANG_ANALYZER_NONNULL = YES;
				CLANG_CXX_LANGUAGE_STANDARD = "gnu++0x";
				CLANG_CXX_LIBRARY = "libc++";
				CLANG_ENABLE_MODULES = YES;
				CLANG_ENABLE_OBJC_ARC = YES;
				CLANG_WARN_BOOL_CONVERSION = YES;
				CLANG_WARN_CONSTANT_CONVERSION = YES;
				CLANG_WARN_DIRECT_OBJC_ISA_USAGE = YES_ERROR;
				CLANG_WARN_EMPTY_BODY = YES;
				CLANG_WARN_ENUM_CONVERSION = YES;
				CLANG_WARN_INT_CONVERSION = YES;
				CLANG_WARN_OBJC_ROOT_CLASS = YES_ERROR;
				CLANG_WARN_UNREACHABLE_CODE = YES;
				CLANG_WARN__DUPLICATE_METHOD_MATCH = YES;
				"CODE_SIGN_IDENTITY[sdk=iphoneos*]" = "iPhone Developer";
				COPY_PHASE_STRIP = NO;
				DEBUG_INFORMATION_FORMAT = "dwarf-with-dsym";
				ENABLE_NS_ASSERTIONS = NO;
				ENABLE_STRICT_OBJC_MSGSEND = YES;
				GCC_C_LANGUAGE_STANDARD = gnu99;
				GCC_NO_COMMON_BLOCKS = YES;
				GCC_WARN_64_TO_32_BIT_CONVERSION = YES;
				GCC_WARN_ABOUT_RETURN_TYPE = YES_ERROR;
				GCC_WARN_UNDECLARED_SELECTOR = YES;
				GCC_WARN_UNINITIALIZED_AUTOS = YES_AGGRESSIVE;
				GCC_WARN_UNUSED_FUNCTION = YES;
				GCC_WARN_UNUSED_VARIABLE = YES;
				IPHONEOS_DEPLOYMENT_TARGET = 9.3;
				MTL_ENABLE_DEBUG_INFO = NO;
				SDKROOT = iphoneos;
				VALIDATE_PRODUCT = YES;
			};
			name = Release;
		};
		C6D2C6F51D90051100BF2FAF /* Debug */ = {
			isa = XCBuildConfiguration;
			buildSettings = {
				ASSETCATALOG_COMPILER_APPICON_NAME = AppIcon;
				INFOPLIST_FILE = "仿SDWebImage框架/Info.plist";
				LD_RUNPATH_SEARCH_PATHS = "$(inherited) @executable_path/Frameworks";
				PRODUCT_BUNDLE_IDENTIFIER = "cn.itcast.-SDWebImage--";
				PRODUCT_NAME = "$(TARGET_NAME)";
			};
			name = Debug;
		};
		C6D2C6F61D90051100BF2FAF /* Release */ = {
			isa = XCBuildConfiguration;
			buildSettings = {
				ASSETCATALOG_COMPILER_APPICON_NAME = AppIcon;
				INFOPLIST_FILE = "仿SDWebImage框架/Info.plist";
				LD_RUNPATH_SEARCH_PATHS = "$(inherited) @executable_path/Frameworks";
				PRODUCT_BUNDLE_IDENTIFIER = "cn.itcast.-SDWebImage--";
				PRODUCT_NAME = "$(TARGET_NAME)";
			};
			name = Release;
		};
/* End XCBuildConfiguration section */

/* Begin XCConfigurationList section */
		C6D2C6D81D90051100BF2FAF /* Build configuration list for PBXProject "仿SDWebImage框架" */ = {
			isa = XCConfigurationList;
			buildConfigurations = (
				C6D2C6F21D90051100BF2FAF /* Debug */,
				C6D2C6F31D90051100BF2FAF /* Release */,
			);
			defaultConfigurationIsVisible = 0;
			defaultConfigurationName = Release;
		};
		C6D2C6F41D90051100BF2FAF /* Build configuration list for PBXNativeTarget "仿SDWebImage框架" */ = {
			isa = XCConfigurationList;
			buildConfigurations = (
				C6D2C6F51D90051100BF2FAF /* Debug */,
				C6D2C6F61D90051100BF2FAF /* Release */,
			);
			defaultConfigurationIsVisible = 0;
			defaultConfigurationName = Release;
		};
/* End XCConfigurationList section */
	};
	rootObject = C6D2C6D51D90051100BF2FAF /* Project object */;
}
